lockfileVersion: '9.0'

settings:
  autoInstallPeers: true
  excludeLinksFromLockfile: false

importers:

  .:
    dependencies:
      keycloak-js:
        specifier: ^25.0.0
        version: 25.0.0
      tslib:
        specifier: ^2.3.0
        version: 2.6.3
    devDependencies:
      typescript:
        specifier: ~5.4.2
        version: 5.4.5

packages:

  js-sha256@0.11.0:
    resolution: {integrity: sha512-6xNlKayMZvds9h1Y1VWc0fQHQ82BxTXizWPEtEeGvmOUYpBRy4gbWroHLpzowe6xiQhHpelCQiE7HEdznyBL9Q==}

  jwt-decode@4.0.0:
    resolution: {integrity: sha512-+KJGIyHgkGuIq3IEBNftfhW/LfWhXUIY6OmyVWjliu5KH1y0fw7VQ8YndE2O4qZdMSd9SqbnC8GOcZEy0Om7sA==}
    engines: {node: '>=18'}

  keycloak-js@25.0.0:
    resolution: {integrity: sha512-7vNDYWbi9H2LqeNvkpADL/Y/25KgG+3Byc5epd1eNAXM32FNi1DRMsbdiIHpzrTZhYlxZRWeDGhbLYIwmoMonw==}

  tslib@2.6.3:
    resolution: {integrity: sha512-xNvxJEOUiWPGhUuUdQgAJPKOOJfGnIyKySOc09XkKsgdUV/3E2zvwZYdejjmRgPCgcym1juLH3226yA7sEFJKQ==}

  typescript@5.4.5:
    resolution: {integrity: sha512-vcI4UpRgg81oIRUFwR0WSIHKt11nJ7SAVlYNIu+QpqeyXP+gpQJy/Z4+F0aGxSE4MqwjyXvW/TzgkLAx2AGHwQ==}
    engines: {node: '>=14.17'}
    hasBin: true

snapshots:

  js-sha256@0.11.0: {}

  jwt-decode@4.0.0: {}

  keycloak-js@25.0.0:
    dependencies:
      js-sha256: 0.11.0
      jwt-decode: 4.0.0

  tslib@2.6.3: {}

  typescript@5.4.5: {}
